Microsoft Visual Studio Solution File, Format Version 12.00
# Visual Studio 2012
Project("{FAE04EC0-301F-11D3-BF4B-00C04F79EFBC}") = "Necromancer Kingdom", "Necromancer Kingdom.csproj", "{80F0A0CC-9731-4C1B-91B4-D3B07CA6E2BF}"
EndProject
Global
	GlobalSection(SolutionConfigurationPlatforms) = preSolution
	Debug|Any CPU = Debug|Any CPU
	ExportDebug|Any CPU = ExportDebug|Any CPU
	ExportRelease|Any CPU = ExportRelease|Any CPU
	EndGlobalSection
	GlobalSection(ProjectConfigurationPlatforms) = postSolution
		{80F0A0CC-9731-4C1B-91B4-D3B07CA6E2BF}.Debug|Any CPU.ActiveCfg = Debug|Any CPU
		{80F0A0CC-9731-4C1B-91B4-D3B07CA6E2BF}.Debug|Any CPU.Build.0 = Debug|Any CPU
		{80F0A0CC-9731-4C1B-91B4-D3B07CA6E2BF}.ExportDebug|Any CPU.ActiveCfg = ExportDebug|Any CPU
		{80F0A0CC-9731-4C1B-91B4-D3B07CA6E2BF}.ExportDebug|Any CPU.Build.0 = ExportDebug|Any CPU
		{80F0A0CC-9731-4C1B-91B4-D3B07CA6E2BF}.ExportRelease|Any CPU.ActiveCfg = ExportRelease|Any CPU
		{80F0A0CC-9731-4C1B-91B4-D3B07CA6E2BF}.ExportRelease|Any CPU.Build.0 = ExportRelease|Any CPU
	EndGlobalSection
EndGlobal
